
Microsoft Visual Studio Solution File, Format Version 12.00
# Visual Studio Version 17
VisualStudioVersion = 17.9.34728.123
MinimumVisualStudioVersion = 10.0.40219.1
Project("{FAE04EC0-301F-11D3-BF4B-00C04F79EFBC}") = "API", "API\API.csproj", "{CD3661FE-BB8F-4798-B387-B9438DD19458}"
EndProject
Project("{FAE04EC0-301F-11D3-BF4B-00C04F79EFBC}") = "Repositories", "Repositories\Repositories.csproj", "{633BB8ED-5C98-42B5-9D9A-AA2274F7A2C9}"
EndProject
Project("{FAE04EC0-301F-11D3-BF4B-00C04F79EFBC}") = "Services", "Services\Services.csproj", "{24F3BC9C-841B-4AFD-B063-7DE58178DA8E}"
EndProject
Global
	GlobalSection(SolutionConfigurationPlatforms) = preSolution
		Debug|Any CPU = Debug|Any CPU
		Release|Any CPU = Release|Any CPU
	EndGlobalSection
	GlobalSection(ProjectConfigurationPlatforms) = postSolution
		{CD3661FE-BB8F-4798-B387-B9438DD19458}.Debug|Any CPU.ActiveCfg = Debug|Any CPU
		{CD3661FE-BB8F-4798-B387-B9438DD19458}.Debug|Any CPU.Build.0 = Debug|Any CPU
		{CD3661FE-BB8F-4798-B387-B9438DD19458}.Release|Any CPU.ActiveCfg = Release|Any CPU
		{CD3661FE-BB8F-4798-B387-B9438DD19458}.Release|Any CPU.Build.0 = Release|Any CPU
		{633BB8ED-5C98-42B5-9D9A-AA2274F7A2C9}.Debug|Any CPU.ActiveCfg = Debug|Any CPU
		{633BB8ED-5C98-42B5-9D9A-AA2274F7A2C9}.Debug|Any CPU.Build.0 = Debug|Any CPU
		{633BB8ED-5C98-42B5-9D9A-AA2274F7A2C9}.Release|Any CPU.ActiveCfg = Release|Any CPU
		{633BB8ED-5C98-42B5-9D9A-AA2274F7A2C9}.Release|Any CPU.Build.0 = Release|Any CPU
		{24F3BC9C-841B-4AFD-B063-7DE58178DA8E}.Debug|Any CPU.ActiveCfg = Debug|Any CPU
		{24F3BC9C-841B-4AFD-B063-7DE58178DA8E}.Debug|Any CPU.Build.0 = Debug|Any CPU
		{24F3BC9C-841B-4AFD-B063-7DE58178DA8E}.Release|Any CPU.ActiveCfg = Release|Any CPU
		{24F3BC9C-841B-4AFD-B063-7DE58178DA8E}.Release|Any CPU.Build.0 = Release|Any CPU
	EndGlobalSection
	GlobalSection(SolutionProperties) = preSolution
		HideSolutionNode = FALSE
	EndGlobalSection
	GlobalSection(ExtensibilityGlobals) = postSolution
		SolutionGuid = {65F36518-AFF6-45FF-A2E0-0915550B15F9}
	EndGlobalSection
EndGlobal
